
Microsoft Visual Studio Solution File, Format Version 12.00
# Visual Studio Version 16
VisualStudioVersion = 16.0.30804.86
MinimumVisualStudioVersion = 10.0.40219.1
Project("{FAE04EC0-301F-11D3-BF4B-00C04F79EFBC}") = "ChatProgram", "ChatProgram.csproj", "{AD894286-32D1-4552-BC43-9A22B0B9E5A7}"
EndProject
Global
	GlobalSection(SolutionConfigurationPlatforms) = preSolution
		Debug|Any CPU = Debug|Any CPU
		Release|Any CPU = Release|Any CPU
	EndGlobalSection
	GlobalSection(ProjectConfigurationPlatforms) = postSolution
		{AD894286-32D1-4552-BC43-9A22B0B9E5A7}.Debug|Any CPU.ActiveCfg = Debug|Any CPU
		{AD894286-32D1-4552-BC43-9A22B0B9E5A7}.Debug|Any CPU.Build.0 = Debug|Any CPU
		{AD894286-32D1-4552-BC43-9A22B0B9E5A7}.Release|Any CPU.ActiveCfg = Release|Any CPU
		{AD894286-32D1-4552-BC43-9A22B0B9E5A7}.Release|Any CPU.Build.0 = Release|Any CPU
	EndGlobalSection
	GlobalSection(SolutionProperties) = preSolution
		HideSolutionNode = FALSE
	EndGlobalSection
	GlobalSection(ExtensibilityGlobals) = postSolution
		SolutionGuid = {C038BD0B-1453-42BD-97E6-957735CEE0BF}
	EndGlobalSection
EndGlobal
